
Microsoft Visual Studio Solution File, Format Version 12.00
# Visual Studio 14
VisualStudioVersion = 14.0.24720.0
MinimumVisualStudioVersion = 10.0.40219.1
Project("{2150E333-8FDC-42A3-9474-1A3956D46DE8}") = "src", "src", "{BFDA3A67-5EB9-476A-BE72-39CAB97DD6C7}"
EndProject
Project("{2150E333-8FDC-42A3-9474-1A3956D46DE8}") = "Solution Items", "Solution Items", "{9B14AF5C-A782-459C-961A-E99F4A0B7BDF}"
	ProjectSection(SolutionItems) = preProject
		global.json = global.json
	EndProjectSection
EndProject
Project("{8BB2217D-0F2D-49D1-97BC-3654ED321F3B}") = "Allocations", "src\Allocations\Allocations.xproj", "{B9DB633E-A6BC-4081-866F-487AF3A79974}"
EndProject
Global
	GlobalSection(SolutionConfigurationPlatforms) = preSolution
		Debug|Any CPU = Debug|Any CPU
		Release|Any CPU = Release|Any CPU
	EndGlobalSection
	GlobalSection(ProjectConfigurationPlatforms) = postSolution
		{B9DB633E-A6BC-4081-866F-487AF3A79974}.Debug|Any CPU.ActiveCfg = Debug|Any CPU
		{B9DB633E-A6BC-4081-866F-487AF3A79974}.Debug|Any CPU.Build.0 = Debug|Any CPU
		{B9DB633E-A6BC-4081-866F-487AF3A79974}.Release|Any CPU.ActiveCfg = Release|Any CPU
		{B9DB633E-A6BC-4081-866F-487AF3A79974}.Release|Any CPU.Build.0 = Release|Any CPU
	EndGlobalSection
	GlobalSection(SolutionProperties) = preSolution
		HideSolutionNode = FALSE
	EndGlobalSection
	GlobalSection(NestedProjects) = preSolution
		{B9DB633E-A6BC-4081-866F-487AF3A79974} = {BFDA3A67-5EB9-476A-BE72-39CAB97DD6C7}
	EndGlobalSection
EndGlobal
